
Microsoft Visual Studio Solution File, Format Version 12.00
# Visual Studio Version 16
VisualStudioVersion = 16.0.30621.155
MinimumVisualStudioVersion = 10.0.40219.1
Project("{FAE04EC0-301F-11D3-BF4B-00C04F79EFBC}") = "RandomNumberGuessingGame", "RandomNumberGuessingGame\RandomNumberGuessingGame.csproj", "{7E9B6038-A2FD-43C7-AA0F-C15502857782}"
EndProject
Global
	GlobalSection(SolutionConfigurationPlatforms) = preSolution
		Debug|Any CPU = Debug|Any CPU
		Release|Any CPU = Release|Any CPU
	EndGlobalSection
	GlobalSection(ProjectConfigurationPlatforms) = postSolution
		{7E9B6038-A2FD-43C7-AA0F-C15502857782}.Debug|Any CPU.ActiveCfg = Debug|Any CPU
		{7E9B6038-A2FD-43C7-AA0F-C15502857782}.Debug|Any CPU.Build.0 = Debug|Any CPU
		{7E9B6038-A2FD-43C7-AA0F-C15502857782}.Release|Any CPU.ActiveCfg = Release|Any CPU
		{7E9B6038-A2FD-43C7-AA0F-C15502857782}.Release|Any CPU.Build.0 = Release|Any CPU
	EndGlobalSection
	GlobalSection(SolutionProperties) = preSolution
		HideSolutionNode = FALSE
	EndGlobalSection
	GlobalSection(ExtensibilityGlobals) = postSolution
		SolutionGuid = {6428FF2E-E3E1-4BB8-BD19-1E300AAC07A9}
	EndGlobalSection
EndGlobal
